
Microsoft Visual Studio Solution File, Format Version 12.00
# Visual Studio Version 16
VisualStudioVersion = 16.0.810.17
MinimumVisualStudioVersion = 10.0.40219.1
Project("{FAE04EC0-301F-11D3-BF4B-00C04F79EFBC}") = "Mission13", "Mission13\Mission13.csproj", "{CBE44A49-8820-4D9D-8EC9-3A7B096227AA}"
EndProject
Global
	GlobalSection(SolutionConfigurationPlatforms) = preSolution
		Debug|Any CPU = Debug|Any CPU
		Release|Any CPU = Release|Any CPU
	EndGlobalSection
	GlobalSection(ProjectConfigurationPlatforms) = postSolution
		{CBE44A49-8820-4D9D-8EC9-3A7B096227AA}.Debug|Any CPU.ActiveCfg = Debug|Any CPU
		{CBE44A49-8820-4D9D-8EC9-3A7B096227AA}.Debug|Any CPU.Build.0 = Debug|Any CPU
		{CBE44A49-8820-4D9D-8EC9-3A7B096227AA}.Release|Any CPU.ActiveCfg = Release|Any CPU
		{CBE44A49-8820-4D9D-8EC9-3A7B096227AA}.Release|Any CPU.Build.0 = Release|Any CPU
	EndGlobalSection
	GlobalSection(SolutionProperties) = preSolution
		HideSolutionNode = FALSE
	EndGlobalSection
	GlobalSection(ExtensibilityGlobals) = postSolution
		SolutionGuid = {DCA7A956-0DFE-4B07-85FD-DB02F82F785A}
	EndGlobalSection
EndGlobal
